# This file is automatically @generated by Cargo.
# It is not intended for manual editing.
version = 3

[[package]]
name = "crate_evalexpr_evaluate_expression"
version = "0.1.0"
dependencies = [
 "evalexpr",
]

[[package]]
name = "evalexpr"
version = "6.4.0"
source = "registry+https://github.com/rust-lang/crates.io-index"
checksum = "4cafac0318488fdde43111f77bd1d82caafe7bafc544c5676ad051677d090cbb"
