# This file is automatically @generated by Cargo.
# It is not intended for manual editing.
version = 3

[[package]]
name = "crate_skytable_key-value_db"
version = "0.1.0"
dependencies = [
 "skytable",
]

[[package]]
name = "skytable"
version = "0.6.2"
source = "registry+https://github.com/rust-lang/crates.io-index"
checksum = "a41cfc537b70528dc7435e290a0f82913fc06a9fdbb7db4adfa44a34a031073b"
