# This file is automatically @generated by Cargo.
# It is not intended for manual editing.
[[package]]
name = "crate_event-listener_notify_async_task_or_threads"
version = "0.1.0"
dependencies = [
 "event-listener",
]

[[package]]
name = "event-listener"
version = "2.5.1"
source = "registry+https://github.com/rust-lang/crates.io-index"
checksum = "f7531096570974c3a9dcf9e4b8e1cede1ec26cf5046219fb3b9d897503b9be59"
