# This file is automatically @generated by Cargo.
# It is not intended for manual editing.
[[package]]
name = "crate_textplots_terminal_plotting"
version = "0.1.0"
dependencies = [
 "textplots",
]

[[package]]
name = "drawille"
version = "0.2.3"
source = "registry+https://github.com/rust-lang/crates.io-index"
checksum = "81e127c19c76f5610bb32f6a5f5d1ce5a5374fedba554f05cf5599e3041cd634"

[[package]]
name = "textplots"
version = "0.5.4"
source = "registry+https://github.com/rust-lang/crates.io-index"
checksum = "368535e8fa80f6f07725dd0b7a756792db7758786881665a7951f436b92d5141"
dependencies = [
 "drawille",
]
