# This file is automatically @generated by Cargo.
# It is not intended for manual editing.
version = 3

[[package]]
name = "concat-string"
version = "1.0.1"
source = "registry+https://github.com/rust-lang/crates.io-index"
checksum = "7439becb5fafc780b6f4de382b1a7a3e70234afe783854a4702ee8adbb838609"

[[package]]
name = "crate_concat-string_string_concatenation"
version = "0.1.0"
dependencies = [
 "concat-string",
]
