# This file is automatically @generated by Cargo.
# It is not intended for manual editing.
[[package]]
name = "crate_xshell_write_better_bash"
version = "0.1.0"
dependencies = [
 "xshell",
]

[[package]]
name = "xshell"
version = "0.1.6"
source = "registry+https://github.com/rust-lang/crates.io-index"
checksum = "3e9bbfccbb2233e6b0473b7870d4b0811a402e9e249a5e8394e768e5a5c9c37d"
dependencies = [
 "xshell-macros",
]

[[package]]
name = "xshell-macros"
version = "0.1.6"
source = "registry+https://github.com/rust-lang/crates.io-index"
checksum = "b94f1c632d730a1704b21dc551a4c74fbed713cfa59593708f94943548206134"
