# This file is automatically @generated by Cargo.
# It is not intended for manual editing.
version = 3

[[package]]
name = "aho-corasick"
version = "0.7.18"
source = "registry+https://github.com/rust-lang/crates.io-index"
checksum = "1e37cfd5e7657ada45f742d6e99ca5788580b5c529dc78faf11ece6dc702656f"
dependencies = [
 "memchr",
]

[[package]]
name = "autocfg"
version = "1.0.1"
source = "registry+https://github.com/rust-lang/crates.io-index"
checksum = "cdb031dd78e28731d87d56cc8ffef4a8f36ca26c38fe2de700543e627f8a464a"

[[package]]
name = "bitflags"
version = "1.2.1"
source = "registry+https://github.com/rust-lang/crates.io-index"
checksum = "cf1de2fe8c75bc145a2f577add951f8134889b4795d47466a54a5c846d691693"

[[package]]
name = "cc"
version = "1.0.71"
source = "registry+https://github.com/rust-lang/crates.io-index"
checksum = "79c2681d6594606957bbb8631c4b90a7fcaaa72cdb714743a437b156d6a7eedd"

[[package]]
name = "cfg-if"
version = "1.0.0"
source = "registry+https://github.com/rust-lang/crates.io-index"
checksum = "baf1de4339761588bc0619e3cbc0120ee582ebb74b53b4efbf79117bd2da40fd"

[[package]]
name = "conpty"
version = "0.2.1"
source = "registry+https://github.com/rust-lang/crates.io-index"
checksum = "1b306bd4a84f598049516949dc545531512c7932f2de75024dc038238aa37b30"
dependencies = [
 "windows",
]

[[package]]
name = "const-sha1"
version = "0.2.0"
source = "registry+https://github.com/rust-lang/crates.io-index"
checksum = "fb58b6451e8c2a812ad979ed1d83378caa5e927eef2622017a45f251457c2c9d"

[[package]]
name = "crate_expectrl_terminal_iteraction"
version = "0.1.0"
dependencies = [
 "expectrl",
]

[[package]]
name = "expectrl"
version = "0.2.0"
source = "registry+https://github.com/rust-lang/crates.io-index"
checksum = "336e2cae5de722236ff90fb9f14d212dff02123564d8978a6a088ef358fbd842"
dependencies = [
 "conpty",
 "nix",
 "ptyprocess",
 "regex",
]

[[package]]
name = "libc"
version = "0.2.103"
source = "registry+https://github.com/rust-lang/crates.io-index"
checksum = "dd8f7255a17a627354f321ef0055d63b898c6fb27eff628af4d1b66b7331edf6"

[[package]]
name = "memchr"
version = "2.4.1"
source = "registry+https://github.com/rust-lang/crates.io-index"
checksum = "308cc39be01b73d0d18f82a0e7b2a3df85245f84af96fdddc5d202d27e47b86a"

[[package]]
name = "memoffset"
version = "0.6.4"
source = "registry+https://github.com/rust-lang/crates.io-index"
checksum = "59accc507f1338036a0477ef61afdae33cde60840f4dfe481319ce3ad116ddf9"
dependencies = [
 "autocfg",
]

[[package]]
name = "nix"
version = "0.21.2"
source = "registry+https://github.com/rust-lang/crates.io-index"
checksum = "77d9f3521ea8e0641a153b3cddaf008dcbf26acd4ed739a2517295e0760d12c7"
dependencies = [
 "bitflags",
 "cc",
 "cfg-if",
 "libc",
 "memoffset",
]

[[package]]
name = "proc-macro2"
version = "1.0.29"
source = "registry+https://github.com/rust-lang/crates.io-index"
checksum = "b9f5105d4fdaab20335ca9565e106a5d9b82b6219b5ba735731124ac6711d23d"
dependencies = [
 "unicode-xid",
]

[[package]]
name = "ptyprocess"
version = "0.2.0"
source = "registry+https://github.com/rust-lang/crates.io-index"
checksum = "b1fbb64c34c53b8df70638c90fa4a3da7d161f7a342b707b9247b986f37e787a"
dependencies = [
 "nix",
]

[[package]]
name = "quote"
version = "1.0.10"
source = "registry+https://github.com/rust-lang/crates.io-index"
checksum = "38bc8cc6a5f2e3655e0899c1b848643b2562f853f114bfec7be120678e3ace05"
dependencies = [
 "proc-macro2",
]

[[package]]
name = "regex"
version = "1.5.4"
source = "registry+https://github.com/rust-lang/crates.io-index"
checksum = "d07a8629359eb56f1e2fb1652bb04212c072a87ba68546a04065d525673ac461"
dependencies = [
 "aho-corasick",
 "memchr",
 "regex-syntax",
]

[[package]]
name = "regex-syntax"
version = "0.6.25"
source = "registry+https://github.com/rust-lang/crates.io-index"
checksum = "f497285884f3fcff424ffc933e56d7cbca511def0c9831a7f9b5f6153e3cc89b"

[[package]]
name = "syn"
version = "1.0.80"
source = "registry+https://github.com/rust-lang/crates.io-index"
checksum = "d010a1623fbd906d51d650a9916aaefc05ffa0e4053ff7fe601167f3e715d194"
dependencies = [
 "proc-macro2",
 "quote",
 "unicode-xid",
]

[[package]]
name = "unicode-xid"
version = "0.2.2"
source = "registry+https://github.com/rust-lang/crates.io-index"
checksum = "8ccb82d61f80a663efe1f787a51b16b5a51e3314d6ac365b08639f52387b33f3"

[[package]]
name = "windows"
version = "0.19.0"
source = "registry+https://github.com/rust-lang/crates.io-index"
checksum = "ef84dd25f4c69a271b1bba394532bf400523b43169de21dfc715e8f8e491053d"
dependencies = [
 "const-sha1",
 "windows_gen",
 "windows_macros",
]

[[package]]
name = "windows_gen"
version = "0.19.0"
source = "registry+https://github.com/rust-lang/crates.io-index"
checksum = "ac7bb21b8ff5e801232b72a6ff554b4cc0cef9ed9238188c3ca78fe3968a7e5d"
dependencies = [
 "windows_quote",
 "windows_reader",
]

[[package]]
name = "windows_macros"
version = "0.19.0"
source = "registry+https://github.com/rust-lang/crates.io-index"
checksum = "5566b8c51118769e4a9094a688bf1233a3f36aacbfc78f3b15817fe0b6e0442f"
dependencies = [
 "syn",
 "windows_gen",
 "windows_quote",
 "windows_reader",
]

[[package]]
name = "windows_quote"
version = "0.19.0"
source = "registry+https://github.com/rust-lang/crates.io-index"
checksum = "4af8236a9493c38855f95cdd11b38b342512a5df4ee7473cffa828b5ebb0e39c"

[[package]]
name = "windows_reader"
version = "0.19.0"
source = "registry+https://github.com/rust-lang/crates.io-index"
checksum = "2c8d5cf83fb08083438c5c46723e6206b2970da57ce314f80b57724439aaacab"
