# This file is automatically @generated by Cargo.
# It is not intended for manual editing.
[[package]]
name = "crate_rio_io-uring_binding"
version = "0.1.0"
dependencies = [
 "rio",
]

[[package]]
name = "libc"
version = "0.2.76"
source = "registry+https://github.com/rust-lang/crates.io-index"
checksum = "755456fae044e6fa1ebbbd1b3e902ae19e73097ed4ed87bb79934a867c007bc3"

[[package]]
name = "rio"
version = "0.9.4"
source = "registry+https://github.com/rust-lang/crates.io-index"
checksum = "9e98c25665909853c07874301124482754434520ab572ac6a22e90366de6685b"
dependencies = [
 "libc",
]
