# This file is automatically @generated by Cargo.
# It is not intended for manual editing.
[[package]]
name = "crate_strsim_string_similarity"
version = "0.1.0"
dependencies = [
 "strsim",
]

[[package]]
name = "strsim"
version = "0.10.0"
source = "registry+https://github.com/rust-lang/crates.io-index"
checksum = "73473c0e59e6d5812c5dfe2a064a6444949f089e20eec9a2e5506596494e4623"
