# This file is automatically @generated by Cargo.
# It is not intended for manual editing.
[[package]]
name = "crate_robotstxt_parse_robots-txt"
version = "0.1.0"
dependencies = [
 "robotstxt",
]

[[package]]
name = "robotstxt"
version = "0.2.0"
source = "registry+https://github.com/rust-lang/crates.io-index"
checksum = "a7b2fdf55ba4aa54a3fca01b9740f17f282b15af36714f5277f6c361527fab1c"
