# This file is automatically @generated by Cargo.
# It is not intended for manual editing.
[[package]]
name = "fast-float"
version = "0.1.0"
dependencies = [
 "fast-float 0.2.0",
]

[[package]]
name = "fast-float"
version = "0.2.0"
source = "registry+https://github.com/rust-lang/crates.io-index"
checksum = "95765f67b4b18863968b4a1bd5bb576f732b29a4a28c7cd84c09fa3e2875f33c"
