# This file is automatically @generated by Cargo.
# It is not intended for manual editing.
version = 3

[[package]]
name = "crate_mp4ameta_read_write_MPEG-4_audio_metadata"
version = "0.1.0"
dependencies = [
 "mp4ameta",
]

[[package]]
name = "lazy_static"
version = "1.4.0"
source = "registry+https://github.com/rust-lang/crates.io-index"
checksum = "e2abad23fbc42b3700f2f279844dc832adb2b2eb069b2df918f455c4e18cc646"

[[package]]
name = "mp4ameta"
version = "0.11.0"
source = "registry+https://github.com/rust-lang/crates.io-index"
checksum = "eb23d62e8eb5299a3f79657c70ea9269eac8f6239a76952689bcd06a74057e81"
dependencies = [
 "lazy_static",
 "mp4ameta_proc",
]

[[package]]
name = "mp4ameta_proc"
version = "0.6.0"
source = "registry+https://github.com/rust-lang/crates.io-index"
checksum = "07dcca13d1740c0a665f77104803360da0bdb3323ecce2e93fa2c959a6d52806"
