# This file is automatically @generated by Cargo.
# It is not intended for manual editing.
[[package]]
name = "bitflags"
version = "1.2.1"
source = "registry+https://github.com/rust-lang/crates.io-index"

[[package]]
name = "crate_fsevent_async"
version = "0.1.0"
dependencies = [
 "fsevent 2.0.0 (registry+https://github.com/rust-lang/crates.io-index)",
]

[[package]]
name = "fsevent"
version = "2.0.0"
source = "registry+https://github.com/rust-lang/crates.io-index"
dependencies = [
 "bitflags 1.2.1 (registry+https://github.com/rust-lang/crates.io-index)",
 "fsevent-sys 3.0.0 (registry+https://github.com/rust-lang/crates.io-index)",
]

[[package]]
name = "fsevent-sys"
version = "3.0.0"
source = "registry+https://github.com/rust-lang/crates.io-index"
dependencies = [
 "libc 0.2.64 (registry+https://github.com/rust-lang/crates.io-index)",
]

[[package]]
name = "libc"
version = "0.2.64"
source = "registry+https://github.com/rust-lang/crates.io-index"

[metadata]
"checksum bitflags 1.2.1 (registry+https://github.com/rust-lang/crates.io-index)" = "cf1de2fe8c75bc145a2f577add951f8134889b4795d47466a54a5c846d691693"
"checksum fsevent 2.0.0 (registry+https://github.com/rust-lang/crates.io-index)" = "2d43c2d8901b61f8e7e624fc0511924da652d5d9426ac68a886baa628ec979e7"
"checksum fsevent-sys 3.0.0 (registry+https://github.com/rust-lang/crates.io-index)" = "a41f1722e9bf862f62429d192f37d0c82c589aa18783aa06f0c4e5c3c90649fb"
"checksum libc 0.2.64 (registry+https://github.com/rust-lang/crates.io-index)" = "74dfca3d9957906e8d1e6a0b641dc9a59848e793f1da2165889fd4f62d10d79c"
