# This file is automatically @generated by Cargo.
# It is not intended for manual editing.
[[package]]
name = "crate_ryu_quickly_convert_float_to_decimal_string"
version = "0.1.0"
dependencies = [
 "ryu",
]

[[package]]
name = "ryu"
version = "1.0.5"
source = "registry+https://github.com/rust-lang/crates.io-index"
checksum = "71d301d4193d031abdd79ff7e3dd721168a9572ef3fe51a1517aba235bd8f86e"
