# This file is automatically @generated by Cargo.
# It is not intended for manual editing.
[[package]]
name = "crate_email-parser_parsing_mail"
version = "0.1.0"
dependencies = [
 "email-parser",
]

[[package]]
name = "email-parser"
version = "0.4.0"
source = "registry+https://github.com/rust-lang/crates.io-index"
checksum = "7505a6d73675ad53fc50eec23289eabd981941309dba0fa4001f5b561a67c990"
