# This file is automatically @generated by Cargo.
# It is not intended for manual editing.
version = 3

[[package]]
name = "cap"
version = "0.1.0"
source = "registry+https://github.com/rust-lang/crates.io-index"
checksum = "dfb342bc1e95bfb9b3eb80593701657580f1606df8c5563003e6fc1cd8f09ba1"

[[package]]
name = "crate_cap_track_limit_memory"
version = "0.1.0"
dependencies = [
 "cap",
]
