# This file is automatically @generated by Cargo.
# It is not intended for manual editing.
version = 3

[[package]]
name = "crate_yap_parser-combinator"
version = "0.1.0"
dependencies = [
 "yap",
]

[[package]]
name = "yap"
version = "0.7.1"
source = "registry+https://github.com/rust-lang/crates.io-index"
checksum = "60b9d7b5d31406903811da828b29fa5dfd183e37b7c4d4e2968f1fe3b9dde295"
