# This file is automatically @generated by Cargo.
# It is not intended for manual editing.
[[package]]
name = "crate_polodb_embedded_json-based_db"
version = "0.1.0"
dependencies = [
 "polodb_bson",
 "polodb_core",
]

[[package]]
name = "libc"
version = "0.2.80"
source = "registry+https://github.com/rust-lang/crates.io-index"
checksum = "4d58d1b70b004888f764dfbf6a26a3b0342a1632d33968e4a179d8011c760614"

[[package]]
name = "polodb_bson"
version = "0.2.0"
source = "registry+https://github.com/rust-lang/crates.io-index"
checksum = "9408fd031c18bb20bdcf1f32efd86bac0c5b0236a13099c63991a3e5ab2eb33c"
dependencies = [
 "libc",
]

[[package]]
name = "polodb_core"
version = "0.3.1"
source = "registry+https://github.com/rust-lang/crates.io-index"
checksum = "6428e394f68d4424cef366cf22f430f3dfb79441b69465d5f98f73d29412d3fa"
dependencies = [
 "libc",
 "polodb_bson",
 "winapi",
]

[[package]]
name = "winapi"
version = "0.3.9"
source = "registry+https://github.com/rust-lang/crates.io-index"
checksum = "5c839a674fcd7a98952e593242ea400abe93992746761e38641405d28b00f419"
dependencies = [
 "winapi-i686-pc-windows-gnu",
 "winapi-x86_64-pc-windows-gnu",
]

[[package]]
name = "winapi-i686-pc-windows-gnu"
version = "0.4.0"
source = "registry+https://github.com/rust-lang/crates.io-index"
checksum = "ac3b87c63620426dd9b991e5ce0329eff545bccbbb34f3be09ff6fb6ab51b7b6"

[[package]]
name = "winapi-x86_64-pc-windows-gnu"
version = "0.4.0"
source = "registry+https://github.com/rust-lang/crates.io-index"
checksum = "712e227841d057c1ee1cd2fb22fa7e5a5461ae8e48fa2ca79ec42cfc1931183f"
