# This file is automatically @generated by Cargo.
# It is not intended for manual editing.
[[package]]
name = "crate_unicode-width_display_width_of_char_or_str"
version = "0.1.0"
dependencies = [
 "unicode-width",
]

[[package]]
name = "unicode-width"
version = "0.1.7"
source = "registry+https://github.com/rust-lang/crates.io-index"
checksum = "caaa9d531767d1ff2150b9332433f32a24622147e5ebb1f26409d5da67afd479"
