# This file is automatically @generated by Cargo.
# It is not intended for manual editing.
[[package]]
name = "crate_zeroize_securely_zero_memory"
version = "0.1.0"
dependencies = [
 "zeroize",
]

[[package]]
name = "zeroize"
version = "1.1.1"
source = "registry+https://github.com/rust-lang/crates.io-index"
checksum = "05f33972566adbd2d3588b0491eb94b98b43695c4ef897903470ede4f3f5a28a"
