# This file is automatically @generated by Cargo.
# It is not intended for manual editing.
version = 3

[[package]]
name = "crate_microjson_parse_json"
version = "0.1.0"
dependencies = [
 "microjson",
]

[[package]]
name = "microjson"
version = "0.1.1"
source = "registry+https://github.com/rust-lang/crates.io-index"
checksum = "785da2441201fdeaafd54ec81de1ab6f78d4d3513acd4c321c0f349605cf4ae7"
