# This file is automatically @generated by Cargo.
# It is not intended for manual editing.
[[package]]
name = "crate_nanoserde_serialization_without_dependencies"
version = "0.1.0"
dependencies = [
 "nanoserde",
]

[[package]]
name = "nanoserde"
version = "0.1.19"
source = "registry+https://github.com/rust-lang/crates.io-index"
checksum = "8f28fd3beeb39ed991b142c94dbaff19d194041cdc9db715af2c72b22b00d25c"
dependencies = [
 "nanoserde-derive",
]

[[package]]
name = "nanoserde-derive"
version = "0.1.12"
source = "registry+https://github.com/rust-lang/crates.io-index"
checksum = "0e0d42774fb555d1dc23a985b52975fb39b4f1b53f26389389a926c49001c3b1"
