# This file is automatically @generated by Cargo.
# It is not intended for manual editing.
version = 3

[[package]]
name = "compact_str"
version = "0.3.0"
source = "registry+https://github.com/rust-lang/crates.io-index"
checksum = "7ccb5da19aae02464e202b4133c3d9dbab35e3b383600736f9041642d2423de9"

[[package]]
name = "crate_compatct-str_small_string_on_stack"
version = "0.1.0"
dependencies = [
 "compact_str",
]
