# This file is automatically @generated by Cargo.
# It is not intended for manual editing.
[[package]]
name = "similar"
version = "0.1.0"
dependencies = [
 "similar 1.1.0",
]

[[package]]
name = "similar"
version = "1.1.0"
source = "registry+https://github.com/rust-lang/crates.io-index"
checksum = "da916d7c5876bff6fbf5794bd1e64aba8f5f110b76b192d80bb264423c0736f6"
