# This file is automatically @generated by Cargo.
# It is not intended for manual editing.
version = 3

[[package]]
name = "crate_simdutf8_utf8_validation"
version = "0.1.0"
dependencies = [
 "simdutf8",
]

[[package]]
name = "simdutf8"
version = "0.1.3"
source = "registry+https://github.com/rust-lang/crates.io-index"
checksum = "c970da16e7c682fa90a261cf0724dee241c9f7831635ecc4e988ae8f3b505559"
