# This file is automatically @generated by Cargo.
# It is not intended for manual editing.
version = 3

[[package]]
name = "crate_infer_infer_file_mime_type"
version = "0.1.0"
dependencies = [
 "infer",
 "mime",
]

[[package]]
name = "infer"
version = "0.1.7"
source = "registry+https://github.com/rust-lang/crates.io-index"
checksum = "6854dd77ddc4f9ba1a448f487e27843583d407648150426a30c2ea3a2c39490a"

[[package]]
name = "mime"
version = "0.3.16"
source = "registry+https://github.com/rust-lang/crates.io-index"
checksum = "2a60c7ce501c71e03a9c9c0d35b861413ae925bd979cc7a4e30d060069aaac8d"
