# This file is automatically @generated by Cargo.
# It is not intended for manual editing.
version = 3

[[package]]
name = "crate_memuse_measure_dynamic_memory"
version = "0.1.0"
dependencies = [
 "memuse",
]

[[package]]
name = "memuse"
version = "0.2.0"
source = "registry+https://github.com/rust-lang/crates.io-index"
checksum = "f69d25cd7528769ad3d897e99eb942774bff8b23165012af490351a44c5b583b"
