# This file is automatically @generated by Cargo.
# It is not intended for manual editing.
version = 3

[[package]]
name = "crate_pipette_pipe_operation"
version = "0.1.0"
dependencies = [
 "pipette",
]

[[package]]
name = "pipette"
version = "0.1.0"
source = "registry+https://github.com/rust-lang/crates.io-index"
checksum = "292de372423afbfc6724da17156c8686d6adc7a23cb2eda848b185234ecf0910"
